// !$*UTF8*$!
{
	archiveVersion = 1;
	classes = {
	};
	objectVersion = 50;
	objects = {

/* Begin PBXBuildFile section */
		675779F8251DE5200043BF34 /* AppDelegate.swift in Sources */ = {isa = PBXBuildFile; fileRef = 675779F7251DE5200043BF34 /* AppDelegate.swift */; };
		675779FA251DE5200043BF34 /* SceneDelegate.swift in Sources */ = {isa = PBXBuildFile; fileRef = 675779F9251DE5200043BF34 /* SceneDelegate.swift */; };
		675779FC251DE5200043BF34 /* ContentView.swift in Sources */ = {isa = PBXBuildFile; fileRef = 675779FB251DE5200043BF34 /* ContentView.swift */; };
		675779FE251DE5210043BF34 /* Assets.xcassets in Resources */ = {isa = PBXBuildFile; fileRef = 675779FD251DE5210043BF34 /* Assets.xcassets */; };
		67577A01251DE5210043BF34 /* Preview Assets.xcassets in Resources */ = {isa = PBXBuildFile; fileRef = 67577A00251DE5210043BF34 /* Preview Assets.xcassets */; };
		67577A04251DE5210043BF34 /* LaunchScreen.storyboard in Resources */ = {isa = PBXBuildFile; fileRef = 67577A02251DE5210043BF34 /* LaunchScreen.storyboard */; };
		67577A0F251DE5210043BF34 /* HeartTests.swift in Sources */ = {isa = PBXBuildFile; fileRef = 67577A0E251DE5210043BF34 /* HeartTests.swift */; };
		67577A1A251DE5210043BF34 /* HeartUITests.swift in Sources */ = {isa = PBXBuildFile; fileRef = 67577A19251DE5210043BF34 /* HeartUITests.swift */; };
/* End PBXBuildFile section */

/* Begin PBXContainerItemProxy section */
		67577A0B251DE5210043BF34 /* PBXContainerItemProxy */ = {
			isa = PBXContainerItemProxy;
			containerPortal = 675779EC251DE5200043BF34 /* Project object */;
			proxyType = 1;
			remoteGlobalIDString = 675779F3251DE5200043BF34;
			remoteInfo = Heart;
		};
		67577A16251DE5210043BF34 /* PBXContainerItemProxy */ = {
			isa = PBXContainerItemProxy;
			containerPortal = 675779EC251DE5200043BF34 /* Project object */;
			proxyType = 1;
			remoteGlobalIDString = 675779F3251DE5200043BF34;
			remoteInfo = Heart;
		};
/* End PBXContainerItemProxy section */

/* Begin PBXFileReference section */
		675779F4251DE5200043BF34 /* Heart.app */ = {isa = PBXFileReference; explicitFileType = wrapper.application; includeInIndex = 0; path = Heart.app; sourceTree = BUILT_PRODUCTS_DIR; };
		675779F7251DE5200043BF34 /* AppDelegate.swift */ = {isa = PBXFileReference; lastKnownFileType = sourcecode.swift; path = AppDelegate.swift; sourceTree = "<group>"; };
		675779F9251DE5200043BF34 /* SceneDelegate.swift */ = {isa = PBXFileReference; lastKnownFileType = sourcecode.swift; path = SceneDelegate.swift; sourceTree = "<group>"; };
		675779FB251DE5200043BF34 /* ContentView.swift */ = {isa = PBXFileReference; lastKnownFileType = sourcecode.swift; path = ContentView.swift; sourceTree = "<group>"; };
		675779FD251DE5210043BF34 /* Assets.xcassets */ = {isa = PBXFileReference; lastKnownFileType = folder.assetcatalog; path = Assets.xcassets; sourceTree = "<group>"; };
		67577A00251DE5210043BF34 /* Preview Assets.xcassets */ = {isa = PBXFileReference; lastKnownFileType = folder.assetcatalog; path = "Preview Assets.xcassets"; sourceTree = "<group>"; };
		67577A03251DE5210043BF34 /* Base */ = {isa = PBXFileReference; lastKnownFileType = file.storyboard; name = Base; path = Base.lproj/LaunchScreen.storyboard; sourceTree = "<group>"; };
		67577A05251DE5210043BF34 /* Info.plist */ = {isa = PBXFileReference; lastKnownFileType = text.plist.xml; path = Info.plist; sourceTree = "<group>"; };
		67577A0A251DE5210043BF34 /* HeartTests.xctest */ = {isa = PBXFileReference; explicitFileType = wrapper.cfbundle; includeInIndex = 0; path = HeartTests.xctest; sourceTree = BUILT_PRODUCTS_DIR; };
		67577A0E251DE5210043BF34 /* HeartTests.swift */ = {isa = PBXFileReference; lastKnownFileType = sourcecode.swift; path = HeartTests.swift; sourceTree = "<group>"; };
		67577A10251DE5210043BF34 /* Info.plist */ = {isa = PBXFileReference; lastKnownFileType = text.plist.xml; path = Info.plist; sourceTree = "<group>"; };
		67577A15251DE5210043BF34 /* HeartUITests.xctest */ = {isa = PBXFileReference; explicitFileType = wrapper.cfbundle; includeInIndex = 0; path = HeartUITests.xctest; sourceTree = BUILT_PRODUCTS_DIR; };
		67577A19251DE5210043BF34 /* HeartUITests.swift */ = {isa = PBXFileReference; lastKnownFileType = sourcecode.swift; path = HeartUITests.swift; sourceTree = "<group>"; };
		67577A1B251DE5210043BF34 /* Info.plist */ = {isa = PBXFileReference; lastKnownFileType = text.plist.xml; path = Info.plist; sourceTree = "<group>"; };
/* End PBXFileReference section */

/* Begin PBXFrameworksBuildPhase section */
		675779F1251DE5200043BF34 /* Frameworks */ = {
			isa = PBXFrameworksBuildPhase;
			buildActionMask = 2147483647;
			files = (
			);
			runOnlyForDeploymentPostprocessing = 0;
		};
		67577A07251DE5210043BF34 /* Frameworks */ = {
			isa = PBXFrameworksBuildPhase;
			buildActionMask = 2147483647;
			files = (
			);
			runOnlyForDeploymentPostprocessing = 0;
		};
		67577A12251DE5210043BF34 /* Frameworks */ = {
			isa = PBXFrameworksBuildPhase;
			buildActionMask = 2147483647;
			files = (
			);
			runOnlyForDeploymentPostprocessing = 0;
		};
/* End PBXFrameworksBuildPhase section */

/* Begin PBXGroup section */
		675779EB251DE5200043BF34 = {
			isa = PBXGroup;
			children = (
				675779F6251DE5200043BF34 /* Heart */,
				67577A0D251DE5210043BF34 /* HeartTests */,
				67577A18251DE5210043BF34 /* HeartUITests */,
				675779F5251DE5200043BF34 /* Products */,
			);
			sourceTree = "<group>";
		};
		675779F5251DE5200043BF34 /* Products */ = {
			isa = PBXGroup;
			children = (
				675779F4251DE5200043BF34 /* Heart.app */,
				67577A0A251DE5210043BF34 /* HeartTests.xctest */,
				67577A15251DE5210043BF34 /* HeartUITests.xctest */,
			);
			name = Products;
			sourceTree = "<group>";
		};
		675779F6251DE5200043BF34 /* Heart */ = {
			isa = PBXGroup;
			children = (
				675779F7251DE5200043BF34 /* AppDelegate.swift */,
				675779F9251DE5200043BF34 /* SceneDelegate.swift */,
				675779FB251DE5200043BF34 /* ContentView.swift */,
				675779FD251DE5210043BF34 /* Assets.xcassets */,
				67577A02251DE5210043BF34 /* LaunchScreen.storyboard */,
				67577A05251DE5210043BF34 /* Info.plist */,
				675779FF251DE5210043BF34 /* Preview Content */,
			);
			path = Heart;
			sourceTree = "<group>";
		};
		675779FF251DE5210043BF34 /* Preview Content */ = {
			isa = PBXGroup;
			children = (
				67577A00251DE5210043BF34 /* Preview Assets.xcassets */,
			);
			path = "Preview Content";
			sourceTree = "<group>";
		};
		67577A0D251DE5210043BF34 /* HeartTests */ = {
			isa = PBXGroup;
			children = (
				67577A0E251DE5210043BF34 /* HeartTests.swift */,
				67577A10251DE5210043BF34 /* Info.plist */,
			);
			path = HeartTests;
			sourceTree = "<group>";
		};
		67577A18251DE5210043BF34 /* HeartUITests */ = {
			isa = PBXGroup;
			children = (
				67577A19251DE5210043BF34 /* HeartUITests.swift */,
				67577A1B251DE5210043BF34 /* Info.plist */,
			);
			path = HeartUITests;
			sourceTree = "<group>";
		};
/* End PBXGroup section */

/* Begin PBXNativeTarget section */
		675779F3251DE5200043BF34 /* Heart */ = {
			isa = PBXNativeTarget;
			buildConfigurationList = 67577A1E251DE5210043BF34 /* Build configuration list for PBXNativeTarget "Heart" */;
			buildPhases = (
				675779F0251DE5200043BF34 /* Sources */,
				675779F1251DE5200043BF34 /* Frameworks */,
				675779F2251DE5200043BF34 /* Resources */,
			);
			buildRules = (
			);
			dependencies = (
			);
			name = Heart;
			productName = Heart;
			productReference = 675779F4251DE5200043BF34 /* Heart.app */;
			productType = "com.apple.product-type.application";
		};
		67577A09251DE5210043BF34 /* HeartTests */ = {
			isa = PBXNativeTarget;
			buildConfigurationList = 67577A21251DE5210043BF34 /* Build configuration list for PBXNativeTarget "HeartTests" */;
			buildPhases = (
				67577A06251DE5210043BF34 /* Sources */,
				67577A07251DE5210043BF34 /* Frameworks */,
				67577A08251DE5210043BF34 /* Resources */,
			);
			buildRules = (
			);
			dependencies = (
				67577A0C251DE5210043BF34 /* PBXTargetDependency */,
			);
			name = HeartTests;
			productName = HeartTests;
			productReference = 67577A0A251DE5210043BF34 /* HeartTests.xctest */;
			productType = "com.apple.product-type.bundle.unit-test";
		};
		67577A14251DE5210043BF34 /* HeartUITests */ = {
			isa = PBXNativeTarget;
			buildConfigurationList = 67577A24251DE5210043BF34 /* Build configuration list for PBXNativeTarget "HeartUITests" */;
			buildPhases = (
				67577A11251DE5210043BF34 /* Sources */,
				67577A12251DE5210043BF34 /* Frameworks */,
				67577A13251DE5210043BF34 /* Resources */,
			);
			buildRules = (
			);
			dependencies = (
				67577A17251DE5210043BF34 /* PBXTargetDependency */,
			);
			name = HeartUITests;
			productName = HeartUITests;
			productReference = 67577A15251DE5210043BF34 /* HeartUITests.xctest */;
			productType = "com.apple.product-type.bundle.ui-testing";
		};
/* End PBXNativeTarget section */

/* Begin PBXProject section */
		675779EC251DE5200043BF34 /* Project object */ = {
			isa = PBXProject;
			attributes = {
				LastSwiftUpdateCheck = 1200;
				LastUpgradeCheck = 1200;
				TargetAttributes = {
					675779F3251DE5200043BF34 = {
						CreatedOnToolsVersion = 12.0.1;
					};
					67577A09251DE5210043BF34 = {
						CreatedOnToolsVersion = 12.0.1;
						TestTargetID = 675779F3251DE5200043BF34;
					};
					67577A14251DE5210043BF34 = {
						CreatedOnToolsVersion = 12.0.1;
						TestTargetID = 675779F3251DE5200043BF34;
					};
				};
			};
			buildConfigurationList = 675779EF251DE5200043BF34 /* Build configuration list for PBXProject "Heart" */;
			compatibilityVersion = "Xcode 9.3";
			developmentRegion = en;
			hasScannedForEncodings = 0;
			knownRegions = (
				en,
				Base,
			);
			mainGroup = 675779EB251DE5200043BF34;
			productRefGroup = 675779F5251DE5200043BF34 /* Products */;
			projectDirPath = "";
			projectRoot = "";
			targets = (
				675779F3251DE5200043BF34 /* Heart */,
				67577A09251DE5210043BF34 /* HeartTests */,
				67577A14251DE5210043BF34 /* HeartUITests */,
			);
		};
/* End PBXProject section */

/* Begin PBXResourcesBuildPhase section */
		675779F2251DE5200043BF34 /* Resources */ = {
			isa = PBXResourcesBuildPhase;
			buildActionMask = 2147483647;
			files = (
				67577A04251DE5210043BF34 /* LaunchScreen.storyboard in Resources */,
				67577A01251DE5210043BF34 /* Preview Assets.xcassets in Resources */,
				675779FE251DE5210043BF34 /* Assets.xcassets in Resources */,
			);
			runOnlyForDeploymentPostprocessing = 0;
		};
		67577A08251DE5210043BF34 /* Resources */ = {
			isa = PBXResourcesBuildPhase;
			buildActionMask = 2147483647;
			files = (
			);
			runOnlyForDeploymentPostprocessing = 0;
		};
		67577A13251DE5210043BF34 /* Resources */ = {
			isa = PBXResourcesBuildPhase;
			buildActionMask = 2147483647;
			files = (
			);
			runOnlyForDeploymentPostprocessing = 0;
		};
/* End PBXResourcesBuildPhase section */

/* Begin PBXSourcesBuildPhase section */
		675779F0251DE5200043BF34 /* Sources */ = {
			isa = PBXSourcesBuildPhase;
			buildActionMask = 2147483647;
			files = (
				675779F8251DE5200043BF34 /* AppDelegate.swift in Sources */,
				675779FA251DE5200043BF34 /* SceneDelegate.swift in Sources */,
				675779FC251DE5200043BF34 /* ContentView.swift in Sources */,
			);
			runOnlyForDeploymentPostprocessing = 0;
		};
		67577A06251DE5210043BF34 /* Sources */ = {
			isa = PBXSourcesBuildPhase;
			buildActionMask = 2147483647;
			files = (
				67577A0F251DE5210043BF34 /* HeartTests.swift in Sources */,
			);
			runOnlyForDeploymentPostprocessing = 0;
		};
		67577A11251DE5210043BF34 /* Sources */ = {
			isa = PBXSourcesBuildPhase;
			buildActionMask = 2147483647;
			files = (
				67577A1A251DE5210043BF34 /* HeartUITests.swift in Sources */,
			);
			runOnlyForDeploymentPostprocessing = 0;
		};
/* End PBXSourcesBuildPhase section */

/* Begin PBXTargetDependency section */
		67577A0C251DE5210043BF34 /* PBXTargetDependency */ = {
			isa = PBXTargetDependency;
			target = 675779F3251DE5200043BF34 /* Heart */;
			targetProxy = 67577A0B251DE5210043BF34 /* PBXContainerItemProxy */;
		};
		67577A17251DE5210043BF34 /* PBXTargetDependency */ = {
			isa = PBXTargetDependency;
			target = 675779F3251DE5200043BF34 /* Heart */;
			targetProxy = 67577A16251DE5210043BF34 /* PBXContainerItemProxy */;
		};
/* End PBXTargetDependency section */

/* Begin PBXVariantGroup section */
		67577A02251DE5210043BF34 /* LaunchScreen.storyboard */ = {
			isa = PBXVariantGroup;
			children = (
				67577A03251DE5210043BF34 /* Base */,
			);
			name = LaunchScreen.storyboard;
			sourceTree = "<group>";
		};
/* End PBXVariantGroup section */

/* Begin XCBuildConfiguration section */
		67577A1C251DE5210043BF34 /* Debug */ = {
			isa = XCBuildConfiguration;
			buildSettings = {
				ALWAYS_SEARCH_USER_PATHS = NO;
				CLANG_ANALYZER_NONNULL = YES;
				CLANG_ANALYZER_NUMBER_OBJECT_CONVERSION = YES_AGGRESSIVE;
				CLANG_CXX_LANGUAGE_STANDARD = "gnu++14";
				CLANG_CXX_LIBRARY = "libc++";
				CLANG_ENABLE_MODULES = YES;
				CLANG_ENABLE_OBJC_ARC = YES;
				CLANG_ENABLE_OBJC_WEAK = YES;
				CLANG_WARN_BLOCK_CAPTURE_AUTORELEASING = YES;
				CLANG_WARN_BOOL_CONVERSION = YES;
				CLANG_WARN_COMMA = YES;
				CLANG_WARN_CONSTANT_CONVERSION = YES;
				CLANG_WARN_DEPRECATED_OBJC_IMPLEMENTATIONS = YES;
				CLANG_WARN_DIRECT_OBJC_ISA_USAGE = YES_ERROR;
				CLANG_WARN_DOCUMENTATION_COMMENTS = YES;
				CLANG_WARN_EMPTY_BODY = YES;
				CLANG_WARN_ENUM_CONVERSION = YES;
				CLANG_WARN_INFINITE_RECURSION = YES;
				CLANG_WARN_INT_CONVERSION = YES;
				CLANG_WARN_NON_LITERAL_NULL_CONVERSION = YES;
				CLANG_WARN_OBJC_IMPLICIT_RETAIN_SELF = YES;
				CLANG_WARN_OBJC_LITERAL_CONVERSION = YES;
				CLANG_WARN_OBJC_ROOT_CLASS = YES_ERROR;
				CLANG_WARN_QUOTED_INCLUDE_IN_FRAMEWORK_HEADER = YES;
				CLANG_WARN_RANGE_LOOP_ANALYSIS = YES;
				CLANG_WARN_STRICT_PROTOTYPES = YES;
				CLANG_WARN_SUSPICIOUS_MOVE = YES;
				CLANG_WARN_UNGUARDED_AVAILABILITY = YES_AGGRESSIVE;
				CLANG_WARN_UNREACHABLE_CODE = YES;
				CLANG_WARN__DUPLICATE_METHOD_MATCH = YES;
				COPY_PHASE_STRIP = NO;
				DEBUG_INFORMATION_FORMAT = dwarf;
				ENABLE_STRICT_OBJC_MSGSEND = YES;
				ENABLE_TESTABILITY = YES;
				GCC_C_LANGUAGE_STANDARD = gnu11;
				GCC_DYNAMIC_NO_PIC = NO;
				GCC_NO_COMMON_BLOCKS = YES;
				GCC_OPTIMIZATION_LEVEL = 0;
				GCC_PREPROCESSOR_DEFINITIONS = (
					"DEBUG=1",
					"$(inherited)",
				);
				GCC_WARN_64_TO_32_BIT_CONVERSION = YES;
				GCC_WARN_ABOUT_RETURN_TYPE = YES_ERROR;
				GCC_WARN_UNDECLARED_SELECTOR = YES;
				GCC_WARN_UNINITIALIZED_AUTOS = YES_AGGRESSIVE;
				GCC_WARN_UNUSED_FUNCTION = YES;
				GCC_WARN_UNUSED_VARIABLE = YES;
				IPHONEOS_DEPLOYMENT_TARGET = 14.0;
				MTL_ENABLE_DEBUG_INFO = INCLUDE_SOURCE;
				MTL_FAST_MATH = YES;
				ONLY_ACTIVE_ARCH = YES;
				SDKROOT = iphoneos;
				SWIFT_ACTIVE_COMPILATION_CONDITIONS = DEBUG;
				SWIFT_OPTIMIZATION_LEVEL = "-Onone";
			};
			name = Debug;
		};
		67577A1D251DE5210043BF34 /* Release */ = {
			isa = XCBuildConfiguration;
			buildSettings = {
				ALWAYS_SEARCH_USER_PATHS = NO;
				CLANG_ANALYZER_NONNULL = YES;
				CLANG_ANALYZER_NUMBER_OBJECT_CONVERSION = YES_AGGRESSIVE;
				CLANG_CXX_LANGUAGE_STANDARD = "gnu++14";
				CLANG_CXX_LIBRARY = "libc++";
				CLANG_ENABLE_MODULES = YES;
				CLANG_ENABLE_OBJC_ARC = YES;
				CLANG_ENABLE_OBJC_WEAK = YES;
				CLANG_WARN_BLOCK_CAPTURE_AUTORELEASING = YES;
				CLANG_WARN_BOOL_CONVERSION = YES;
				CLANG_WARN_COMMA = YES;
				CLANG_WARN_CONSTANT_CONVERSION = YES;
				CLANG_WARN_DEPRECATED_OBJC_IMPLEMENTATIONS = YES;
				CLANG_WARN_DIRECT_OBJC_ISA_USAGE = YES_ERROR;
				CLANG_WARN_DOCUMENTATION_COMMENTS = YES;
				CLANG_WARN_EMPTY_BODY = YES;
				CLANG_WARN_ENUM_CONVERSION = YES;
				CLANG_WARN_INFINITE_RECURSION = YES;
				CLANG_WARN_INT_CONVERSION = YES;
				CLANG_WARN_NON_LITERAL_NULL_CONVERSION = YES;
				CLANG_WARN_OBJC_IMPLICIT_RETAIN_SELF = YES;
				CLANG_WARN_OBJC_LITERAL_CONVERSION = YES;
				CLANG_WARN_OBJC_ROOT_CLASS = YES_ERROR;
				CLANG_WARN_QUOTED_INCLUDE_IN_FRAMEWORK_HEADER = YES;
				CLANG_WARN_RANGE_LOOP_ANALYSIS = YES;
				CLANG_WARN_STRICT_PROTOTYPES = YES;
				CLANG_WARN_SUSPICIOUS_MOVE = YES;
				CLANG_WARN_UNGUARDED_AVAILABILITY = YES_AGGRESSIVE;
				CLANG_WARN_UNREACHABLE_CODE = YES;
				CLANG_WARN__DUPLICATE_METHOD_MATCH = YES;
				COPY_PHASE_STRIP = NO;
				DEBUG_INFORMATION_FORMAT = "dwarf-with-dsym";
				ENABLE_NS_ASSERTIONS = NO;
				ENABLE_STRICT_OBJC_MSGSEND = YES;
				GCC_C_LANGUAGE_STANDARD = gnu11;
				GCC_NO_COMMON_BLOCKS = YES;
				GCC_WARN_64_TO_32_BIT_CONVERSION = YES;
				GCC_WARN_ABOUT_RETURN_TYPE = YES_ERROR;
				GCC_WARN_UNDECLARED_SELECTOR = YES;
				GCC_WARN_UNINITIALIZED_AUTOS = YES_AGGRESSIVE;
				GCC_WARN_UNUSED_FUNCTION = YES;
				GCC_WARN_UNUSED_VARIABLE = YES;
				IPHONEOS_DEPLOYMENT_TARGET = 14.0;
				MTL_ENABLE_DEBUG_INFO = NO;
				MTL_FAST_MATH = YES;
				SDKROOT = iphoneos;
				SWIFT_COMPILATION_MODE = wholemodule;
				SWIFT_OPTIMIZATION_LEVEL = "-O";
				VALIDATE_PRODUCT = YES;
			};
			name = Release;
		};
		67577A1F251DE5210043BF34 /* Debug */ = {
			isa = XCBuildConfiguration;
			buildSettings = {
				ASSETCATALOG_COMPILER_APPICON_NAME = AppIcon;
				ASSETCATALOG_COMPILER_GLOBAL_ACCENT_COLOR_NAME = AccentColor;
				CODE_SIGN_STYLE = Automatic;
				DEVELOPMENT_ASSET_PATHS = "\"Heart/Preview Content\"";
				ENABLE_PREVIEWS = YES;
				INFOPLIST_FILE = Heart/Info.plist;
				LD_RUNPATH_SEARCH_PATHS = (
					"$(inherited)",
					"@executable_path/Frameworks",
				);
				PRODUCT_BUNDLE_IDENTIFIER = com.uzu.Heart;
				PRODUCT_NAME = "$(TARGET_NAME)";
				SWIFT_VERSION = 5.0;
				TARGETED_DEVICE_FAMILY = "1,2";
			};
			name = Debug;
		};
		67577A20251DE5210043BF34 /* Release */ = {
			isa = XCBuildConfiguration;
			buildSettings = {
				ASSETCATALOG_COMPILER_APPICON_NAME = AppIcon;
				ASSETCATALOG_COMPILER_GLOBAL_ACCENT_COLOR_NAME = AccentColor;
				CODE_SIGN_STYLE = Automatic;
				DEVELOPMENT_ASSET_PATHS = "\"Heart/Preview Content\"";
				ENABLE_PREVIEWS = YES;
				INFOPLIST_FILE = Heart/Info.plist;
				LD_RUNPATH_SEARCH_PATHS = (
					"$(inherited)",
					"@executable_path/Frameworks",
				);
				PRODUCT_BUNDLE_IDENTIFIER = com.uzu.Heart;
				PRODUCT_NAME = "$(TARGET_NAME)";
				SWIFT_VERSION = 5.0;
				TARGETED_DEVICE_FAMILY = "1,2";
			};
			name = Release;
		};
		67577A22251DE5210043BF34 /* Debug */ = {
			isa = XCBuildConfiguration;
			buildSettings = {
				ALWAYS_EMBED_SWIFT_STANDARD_LIBRARIES = YES;
				BUNDLE_LOADER = "$(TEST_HOST)";
				CODE_SIGN_STYLE = Automatic;
				INFOPLIST_FILE = HeartTests/Info.plist;
				IPHONEOS_DEPLOYMENT_TARGET = 14.0;
				LD_RUNPATH_SEARCH_PATHS = (
					"$(inherited)",
					"@executable_path/Frameworks",
					"@loader_path/Frameworks",
				);
				PRODUCT_BUNDLE_IDENTIFIER = com.uzu.HeartTests;
				PRODUCT_NAME = "$(TARGET_NAME)";
				SWIFT_VERSION = 5.0;
				TARGETED_DEVICE_FAMILY = "1,2";
				TEST_HOST = "$(BUILT_PRODUCTS_DIR)/Heart.app/Heart";
			};
			name = Debug;
		};
		67577A23251DE5210043BF34 /* Release */ = {
			isa = XCBuildConfiguration;
			buildSettings = {
				ALWAYS_EMBED_SWIFT_STANDARD_LIBRARIES = YES;
				BUNDLE_LOADER = "$(TEST_HOST)";
				CODE_SIGN_STYLE = Automatic;
				INFOPLIST_FILE = HeartTests/Info.plist;
				IPHONEOS_DEPLOYMENT_TARGET = 14.0;
				LD_RUNPATH_SEARCH_PATHS = (
					"$(inherited)",
					"@executable_path/Frameworks",
					"@loader_path/Frameworks",
				);
				PRODUCT_BUNDLE_IDENTIFIER = com.uzu.HeartTests;
				PRODUCT_NAME = "$(TARGET_NAME)";
				SWIFT_VERSION = 5.0;
				TARGETED_DEVICE_FAMILY = "1,2";
				TEST_HOST = "$(BUILT_PRODUCTS_DIR)/Heart.app/Heart";
			};
			name = Release;
		};
		67577A25251DE5210043BF34 /* Debug */ = {
			isa = XCBuildConfiguration;
			buildSettings = {
				ALWAYS_EMBED_SWIFT_STANDARD_LIBRARIES = YES;
				CODE_SIGN_STYLE = Automatic;
				INFOPLIST_FILE = HeartUITests/Info.plist;
				LD_RUNPATH_SEARCH_PATHS = (
					"$(inherited)",
					"@executable_path/Frameworks",
					"@loader_path/Frameworks",
				);
				PRODUCT_BUNDLE_IDENTIFIER = com.uzu.HeartUITests;
				PRODUCT_NAME = "$(TARGET_NAME)";
				SWIFT_VERSION = 5.0;
				TARGETED_DEVICE_FAMILY = "1,2";
				TEST_TARGET_NAME = Heart;
			};
			name = Debug;
		};
		67577A26251DE5210043BF34 /* Release */ = {
			isa = XCBuildConfiguration;
			buildSettings = {
				ALWAYS_EMBED_SWIFT_STANDARD_LIBRARIES = YES;
				CODE_SIGN_STYLE = Automatic;
				INFOPLIST_FILE = HeartUITests/Info.plist;
				LD_RUNPATH_SEARCH_PATHS = (
					"$(inherited)",
					"@executable_path/Frameworks",
					"@loader_path/Frameworks",
				);
				PRODUCT_BUNDLE_IDENTIFIER = com.uzu.HeartUITests;
				PRODUCT_NAME = "$(TARGET_NAME)";
				SWIFT_VERSION = 5.0;
				TARGETED_DEVICE_FAMILY = "1,2";
				TEST_TARGET_NAME = Heart;
			};
			name = Release;
		};
/* End XCBuildConfiguration section */

/* Begin XCConfigurationList section */
		675779EF251DE5200043BF34 /* Build configuration list for PBXProject "Heart" */ = {
			isa = XCConfigurationList;
			buildConfigurations = (
				67577A1C251DE5210043BF34 /* Debug */,
				67577A1D251DE5210043BF34 /* Release */,
			);
			defaultConfigurationIsVisible = 0;
			defaultConfigurationName = Release;
		};
		67577A1E251DE5210043BF34 /* Build configuration list for PBXNativeTarget "Heart" */ = {
			isa = XCConfigurationList;
			buildConfigurations = (
				67577A1F251DE5210043BF34 /* Debug */,
				67577A20251DE5210043BF34 /* Release */,
			);
			defaultConfigurationIsVisible = 0;
			defaultConfigurationName = Release;
		};
		67577A21251DE5210043BF34 /* Build configuration list for PBXNativeTarget "HeartTests" */ = {
			isa = XCConfigurationList;
			buildConfigurations = (
				67577A22251DE5210043BF34 /* Debug */,
				67577A23251DE5210043BF34 /* Release */,
			);
			defaultConfigurationIsVisible = 0;
			defaultConfigurationName = Release;
		};
		67577A24251DE5210043BF34 /* Build configuration list for PBXNativeTarget "HeartUITests" */ = {
			isa = XCConfigurationList;
			buildConfigurations = (
				67577A25251DE5210043BF34 /* Debug */,
				67577A26251DE5210043BF34 /* Release */,
			);
			defaultConfigurationIsVisible = 0;
			defaultConfigurationName = Release;
		};
/* End XCConfigurationList section */
	};
	rootObject = 675779EC251DE5200043BF34 /* Project object */;
}
